
Microsoft Visual Studio Solution File, Format Version 12.00
# Visual Studio 15
VisualStudioVersion = 15.0.26124.0
MinimumVisualStudioVersion = 15.0.26124.0
Project("{FAE04EC0-301F-11D3-BF4B-00C04F79EFBC}") = "Tests", "Tests\Tests.csproj", "{DE812EDA-C72B-4574-A5FC-EA5863355227}"
EndProject
Project("{FAE04EC0-301F-11D3-BF4B-00C04F79EFBC}") = "project", "project\project.csproj", "{BA496D9E-9F7E-40EE-AC23-328241C12BCB}"
EndProject
Global
	GlobalSection(SolutionConfigurationPlatforms) = preSolution
		Debug|Any CPU = Debug|Any CPU
		Debug|x64 = Debug|x64
		Debug|x86 = Debug|x86
		Release|Any CPU = Release|Any CPU
		Release|x64 = Release|x64
		Release|x86 = Release|x86
	EndGlobalSection
	GlobalSection(SolutionProperties) = preSolution
		HideSolutionNode = FALSE
	EndGlobalSection
	GlobalSection(ProjectConfigurationPlatforms) = postSolution
		{DE812EDA-C72B-4574-A5FC-EA5863355227}.Debug|Any CPU.ActiveCfg = Debug|Any CPU
		{DE812EDA-C72B-4574-A5FC-EA5863355227}.Debug|Any CPU.Build.0 = Debug|Any CPU
		{DE812EDA-C72B-4574-A5FC-EA5863355227}.Debug|x64.ActiveCfg = Debug|Any CPU
		{DE812EDA-C72B-4574-A5FC-EA5863355227}.Debug|x64.Build.0 = Debug|Any CPU
		{DE812EDA-C72B-4574-A5FC-EA5863355227}.Debug|x86.ActiveCfg = Debug|Any CPU
		{DE812EDA-C72B-4574-A5FC-EA5863355227}.Debug|x86.Build.0 = Debug|Any CPU
		{DE812EDA-C72B-4574-A5FC-EA5863355227}.Release|Any CPU.ActiveCfg = Release|Any CPU
		{DE812EDA-C72B-4574-A5FC-EA5863355227}.Release|Any CPU.Build.0 = Release|Any CPU
		{DE812EDA-C72B-4574-A5FC-EA5863355227}.Release|x64.ActiveCfg = Release|Any CPU
		{DE812EDA-C72B-4574-A5FC-EA5863355227}.Release|x64.Build.0 = Release|Any CPU
		{DE812EDA-C72B-4574-A5FC-EA5863355227}.Release|x86.ActiveCfg = Release|Any CPU
		{DE812EDA-C72B-4574-A5FC-EA5863355227}.Release|x86.Build.0 = Release|Any CPU
		{BA496D9E-9F7E-40EE-AC23-328241C12BCB}.Debug|Any CPU.ActiveCfg = Debug|Any CPU
		{BA496D9E-9F7E-40EE-AC23-328241C12BCB}.Debug|Any CPU.Build.0 = Debug|Any CPU
		{BA496D9E-9F7E-40EE-AC23-328241C12BCB}.Debug|x64.ActiveCfg = Debug|Any CPU
		{BA496D9E-9F7E-40EE-AC23-328241C12BCB}.Debug|x64.Build.0 = Debug|Any CPU
		{BA496D9E-9F7E-40EE-AC23-328241C12BCB}.Debug|x86.ActiveCfg = Debug|Any CPU
		{BA496D9E-9F7E-40EE-AC23-328241C12BCB}.Debug|x86.Build.0 = Debug|Any CPU
		{BA496D9E-9F7E-40EE-AC23-328241C12BCB}.Release|Any CPU.ActiveCfg = Release|Any CPU
		{BA496D9E-9F7E-40EE-AC23-328241C12BCB}.Release|Any CPU.Build.0 = Release|Any CPU
		{BA496D9E-9F7E-40EE-AC23-328241C12BCB}.Release|x64.ActiveCfg = Release|Any CPU
		{BA496D9E-9F7E-40EE-AC23-328241C12BCB}.Release|x64.Build.0 = Release|Any CPU
		{BA496D9E-9F7E-40EE-AC23-328241C12BCB}.Release|x86.ActiveCfg = Release|Any CPU
		{BA496D9E-9F7E-40EE-AC23-328241C12BCB}.Release|x86.Build.0 = Release|Any CPU
	EndGlobalSection
EndGlobal
